
Microsoft Visual Studio Solution File, Format Version 12.00
# Visual Studio Version 17
VisualStudioVersion = 17.0.31912.275
MinimumVisualStudioVersion = 10.0.40219.1
Project("{FAE04EC0-301F-11D3-BF4B-00C04F79EFBC}") = "MyOrders.Api", "MyOrders.Api.csproj", "{6F1DBAB6-B79C-4018-9C1F-435E174D84DB}"
EndProject
Global
	GlobalSection(SolutionConfigurationPlatforms) = preSolution
		Debug|Any CPU = Debug|Any CPU
		Release|Any CPU = Release|Any CPU
	EndGlobalSection
	GlobalSection(ProjectConfigurationPlatforms) = postSolution
		{6F1DBAB6-B79C-4018-9C1F-435E174D84DB}.Debug|Any CPU.ActiveCfg = Debug|Any CPU
		{6F1DBAB6-B79C-4018-9C1F-435E174D84DB}.Debug|Any CPU.Build.0 = Debug|Any CPU
		{6F1DBAB6-B79C-4018-9C1F-435E174D84DB}.Release|Any CPU.ActiveCfg = Release|Any CPU
		{6F1DBAB6-B79C-4018-9C1F-435E174D84DB}.Release|Any CPU.Build.0 = Release|Any CPU
	EndGlobalSection
	GlobalSection(SolutionProperties) = preSolution
		HideSolutionNode = FALSE
	EndGlobalSection
	GlobalSection(ExtensibilityGlobals) = postSolution
		SolutionGuid = {88B409E2-3379-4830-93C6-33A3C06516D6}
	EndGlobalSection
EndGlobal
